
Microsoft Visual Studio Solution File, Format Version 12.00
# Visual Studio Version 17
VisualStudioVersion = 17.0.31903.59
MinimumVisualStudioVersion = 10.0.40219.1
Project("{2150E333-8FDC-42A3-9474-1A3956D46DE8}") = "src", "src", "{288DAC1D-1DA6-42AF-B9EA-6DE91116E364}"
EndProject
Project("{2150E333-8FDC-42A3-9474-1A3956D46DE8}") = "Host", "Host", "{284F1969-D36D-482E-B757-53C4F907AD96}"
EndProject
Project("{FAE04EC0-301F-11D3-BF4B-00C04F79EFBC}") = "Nwu.Aiitsa.Webhost", "src\Nwu.Aiitsa.Webhost\Nwu.Aiitsa.Webhost.csproj", "{BD406B40-AAA2-482D-9BCE-FF7A9FFF50F5}"
EndProject
Project("{2150E333-8FDC-42A3-9474-1A3956D46DE8}") = "Modules", "Modules", "{4266DE74-7F81-4F23-953D-29DC3E482C3E}"
EndProject
Project("{FAE04EC0-301F-11D3-BF4B-00C04F79EFBC}") = "Nwu.Aiitsa.BaseModule", "src\Nwu.Aiitsa.BaseModule\Nwu.Aiitsa.BaseModule.csproj", "{87B82ED2-6727-4FDC-8482-50961EF34F2B}"
EndProject
Global
	GlobalSection(SolutionConfigurationPlatforms) = preSolution
		Debug|Any CPU = Debug|Any CPU
		Release|Any CPU = Release|Any CPU
	EndGlobalSection
	GlobalSection(SolutionProperties) = preSolution
		HideSolutionNode = FALSE
	EndGlobalSection
	GlobalSection(ProjectConfigurationPlatforms) = postSolution
		{BD406B40-AAA2-482D-9BCE-FF7A9FFF50F5}.Debug|Any CPU.ActiveCfg = Debug|Any CPU
		{BD406B40-AAA2-482D-9BCE-FF7A9FFF50F5}.Debug|Any CPU.Build.0 = Debug|Any CPU
		{BD406B40-AAA2-482D-9BCE-FF7A9FFF50F5}.Release|Any CPU.ActiveCfg = Release|Any CPU
		{BD406B40-AAA2-482D-9BCE-FF7A9FFF50F5}.Release|Any CPU.Build.0 = Release|Any CPU
		{87B82ED2-6727-4FDC-8482-50961EF34F2B}.Debug|Any CPU.ActiveCfg = Debug|Any CPU
		{87B82ED2-6727-4FDC-8482-50961EF34F2B}.Debug|Any CPU.Build.0 = Debug|Any CPU
		{87B82ED2-6727-4FDC-8482-50961EF34F2B}.Release|Any CPU.ActiveCfg = Release|Any CPU
		{87B82ED2-6727-4FDC-8482-50961EF34F2B}.Release|Any CPU.Build.0 = Release|Any CPU
	EndGlobalSection
	GlobalSection(NestedProjects) = preSolution
		{284F1969-D36D-482E-B757-53C4F907AD96} = {288DAC1D-1DA6-42AF-B9EA-6DE91116E364}
		{BD406B40-AAA2-482D-9BCE-FF7A9FFF50F5} = {284F1969-D36D-482E-B757-53C4F907AD96}
		{4266DE74-7F81-4F23-953D-29DC3E482C3E} = {288DAC1D-1DA6-42AF-B9EA-6DE91116E364}
		{87B82ED2-6727-4FDC-8482-50961EF34F2B} = {4266DE74-7F81-4F23-953D-29DC3E482C3E}
	EndGlobalSection
EndGlobal
